
Microsoft Visual Studio Solution File, Format Version 12.00
# Visual Studio Version 16
VisualStudioVersion = 16.0.29123.88
MinimumVisualStudioVersion = 10.0.40219.1
Project("{9A19103F-16F7-4668-BE54-9A1E7A4F7556}") = "SqlServerTeardown", "SqlServerTeardown.csproj", "{3FEF40F0-FE16-4B22-9280-453CA20EC9E3}"
EndProject
Global
	GlobalSection(SolutionConfigurationPlatforms) = preSolution
		Debug|Any CPU = Debug|Any CPU
		Release|Any CPU = Release|Any CPU
	EndGlobalSection
	GlobalSection(ProjectConfigurationPlatforms) = postSolution
		{3FEF40F0-FE16-4B22-9280-453CA20EC9E3}.Debug|Any CPU.ActiveCfg = Debug|Any CPU
		{3FEF40F0-FE16-4B22-9280-453CA20EC9E3}.Debug|Any CPU.Build.0 = Debug|Any CPU
		{3FEF40F0-FE16-4B22-9280-453CA20EC9E3}.Release|Any CPU.ActiveCfg = Release|Any CPU
		{3FEF40F0-FE16-4B22-9280-453CA20EC9E3}.Release|Any CPU.Build.0 = Release|Any CPU
	EndGlobalSection
	GlobalSection(SolutionProperties) = preSolution
		HideSolutionNode = FALSE
	EndGlobalSection
	GlobalSection(ExtensibilityGlobals) = postSolution
		SolutionGuid = {5AE5DFBB-66AA-4A66-A7DF-3B1D59D1B167}
	EndGlobalSection
EndGlobal
